
Microsoft Visual Studio Solution File, Format Version 12.00
# Visual Studio Version 16
VisualStudioVersion = 16.0.30114.105
MinimumVisualStudioVersion = 10.0.40219.1
Project("{2150E333-8FDC-42A3-9474-1A3956D46DE8}") = "src", "src", "{2CD38D6C-6A16-41D0-9410-5140FB8A68D5}"
EndProject
Project("{FAE04EC0-301F-11D3-BF4B-00C04F79EFBC}") = "Lebai.SDK", "src\Lebai.SDK\Lebai.SDK.csproj", "{5DA2AA5F-FF54-4565-8497-E3753A53C45E}"
EndProject
Project("{FAE04EC0-301F-11D3-BF4B-00C04F79EFBC}") = "Lebai.SDK.Sample", "samples\Lebai.SDK.Sample\Lebai.SDK.Sample.csproj", "{F9FCBC34-A195-4C1C-8BDD-8DD4D7CA0966}"
EndProject
Project("{2150E333-8FDC-42A3-9474-1A3956D46DE8}") = "samples", "samples", "{2E0AA0AA-D05A-43E4-8E4D-751CD27F03DB}"
EndProject
Global
	GlobalSection(SolutionConfigurationPlatforms) = preSolution
		Debug|Any CPU = Debug|Any CPU
		Release|Any CPU = Release|Any CPU
	EndGlobalSection
	GlobalSection(SolutionProperties) = preSolution
		HideSolutionNode = FALSE
	EndGlobalSection
	GlobalSection(ProjectConfigurationPlatforms) = postSolution
		{5DA2AA5F-FF54-4565-8497-E3753A53C45E}.Debug|Any CPU.ActiveCfg = Debug|Any CPU
		{5DA2AA5F-FF54-4565-8497-E3753A53C45E}.Debug|Any CPU.Build.0 = Debug|Any CPU
		{5DA2AA5F-FF54-4565-8497-E3753A53C45E}.Release|Any CPU.ActiveCfg = Release|Any CPU
		{5DA2AA5F-FF54-4565-8497-E3753A53C45E}.Release|Any CPU.Build.0 = Release|Any CPU
		{F9FCBC34-A195-4C1C-8BDD-8DD4D7CA0966}.Debug|Any CPU.ActiveCfg = Debug|Any CPU
		{F9FCBC34-A195-4C1C-8BDD-8DD4D7CA0966}.Debug|Any CPU.Build.0 = Debug|Any CPU
		{F9FCBC34-A195-4C1C-8BDD-8DD4D7CA0966}.Release|Any CPU.ActiveCfg = Release|Any CPU
		{F9FCBC34-A195-4C1C-8BDD-8DD4D7CA0966}.Release|Any CPU.Build.0 = Release|Any CPU
	EndGlobalSection
	GlobalSection(NestedProjects) = preSolution
		{5DA2AA5F-FF54-4565-8497-E3753A53C45E} = {2CD38D6C-6A16-41D0-9410-5140FB8A68D5}
		{F9FCBC34-A195-4C1C-8BDD-8DD4D7CA0966} = {2E0AA0AA-D05A-43E4-8E4D-751CD27F03DB}
	EndGlobalSection
EndGlobal
